# This file is generated by running "yarn install" inside your project.
# Manual changes might be lost - proceed with caution!

__metadata:
  version: 8
  cacheKey: 10c0

"datadog@workspace:.":
  version: 0.0.0-use.local
  resolution: "datadog@workspace:."
  dependencies:
    yaml: "npm:2.0.0-11"
  languageName: unknown
  linkType: soft

"yaml@npm:2.0.0-11":
  version: 2.0.0-11
  resolution: "yaml@npm:2.0.0-11"
  checksum: 10c0/f707882bb8acefbd4cb17173f933919af2a359ab9dcca9a6776a81d53e662f8350dd320e8f63b62bfbfdd0a94af73045474803478a34d9869a0c0c2eae1eb6fa
  languageName: node
  linkType: hard
